
Microsoft Visual Studio Solution File, Format Version 12.00
# Visual Studio Version 17
VisualStudioVersion = 17.8.34316.72
MinimumVisualStudioVersion = 10.0.40219.1
Project("{8BC9CEB8-8B4A-11D0-8D11-00A0C91BC942}") = "M5_L4_Task_1", "M5_L4_Task_1\M5_L4_Task_1.vcxproj", "{0A69B93B-355D-417A-B35C-B89E58EF0773}"
EndProject
Global
	GlobalSection(SolutionConfigurationPlatforms) = preSolution
		Debug|x64 = Debug|x64
		Debug|x86 = Debug|x86
		Release|x64 = Release|x64
		Release|x86 = Release|x86
	EndGlobalSection
	GlobalSection(ProjectConfigurationPlatforms) = postSolution
		{0A69B93B-355D-417A-B35C-B89E58EF0773}.Debug|x64.ActiveCfg = Debug|x64
		{0A69B93B-355D-417A-B35C-B89E58EF0773}.Debug|x64.Build.0 = Debug|x64
		{0A69B93B-355D-417A-B35C-B89E58EF0773}.Debug|x86.ActiveCfg = Debug|Win32
		{0A69B93B-355D-417A-B35C-B89E58EF0773}.Debug|x86.Build.0 = Debug|Win32
		{0A69B93B-355D-417A-B35C-B89E58EF0773}.Release|x64.ActiveCfg = Release|x64
		{0A69B93B-355D-417A-B35C-B89E58EF0773}.Release|x64.Build.0 = Release|x64
		{0A69B93B-355D-417A-B35C-B89E58EF0773}.Release|x86.ActiveCfg = Release|Win32
		{0A69B93B-355D-417A-B35C-B89E58EF0773}.Release|x86.Build.0 = Release|Win32
	EndGlobalSection
	GlobalSection(SolutionProperties) = preSolution
		HideSolutionNode = FALSE
	EndGlobalSection
	GlobalSection(ExtensibilityGlobals) = postSolution
		SolutionGuid = {BB0B100B-1B26-4685-A3BA-F5DBCFE1A5A4}
	EndGlobalSection
EndGlobal
